
Microsoft Visual Studio Solution File, Format Version 12.00
# Visual Studio 15
VisualStudioVersion = 15.0.27703.2018
MinimumVisualStudioVersion = 10.0.40219.1
Project("{FAE04EC0-301F-11D3-BF4B-00C04F79EFBC}") = "Hospital_Searcher", "Hospital_Searcher\Hospital_Searcher.csproj", "{A6CF1A76-A977-4CF5-A45B-78E2346118C3}"
EndProject
Global
	GlobalSection(SolutionConfigurationPlatforms) = preSolution
		Debug|Any CPU = Debug|Any CPU
		Release|Any CPU = Release|Any CPU
	EndGlobalSection
	GlobalSection(ProjectConfigurationPlatforms) = postSolution
		{A6CF1A76-A977-4CF5-A45B-78E2346118C3}.Debug|Any CPU.ActiveCfg = Debug|Any CPU
		{A6CF1A76-A977-4CF5-A45B-78E2346118C3}.Debug|Any CPU.Build.0 = Debug|Any CPU
		{A6CF1A76-A977-4CF5-A45B-78E2346118C3}.Release|Any CPU.ActiveCfg = Release|Any CPU
		{A6CF1A76-A977-4CF5-A45B-78E2346118C3}.Release|Any CPU.Build.0 = Release|Any CPU
	EndGlobalSection
	GlobalSection(SolutionProperties) = preSolution
		HideSolutionNode = FALSE
	EndGlobalSection
	GlobalSection(ExtensibilityGlobals) = postSolution
		SolutionGuid = {63346B5E-299C-4F64-9D5C-43B71C8C4AA7}
	EndGlobalSection
EndGlobal
